
Microsoft Visual Studio Solution File, Format Version 12.00
# Visual Studio 15
VisualStudioVersion = 15.0.28307.902
MinimumVisualStudioVersion = 10.0.40219.1
Project("{FAE04EC0-301F-11D3-BF4B-00C04F79EFBC}") = "IronMan", "IronMan\IronMan.csproj", "{D860F9CD-7F86-4005-A705-FA3AAF3D6A6C}"
EndProject
Global
	GlobalSection(SolutionConfigurationPlatforms) = preSolution
		Debug|Any CPU = Debug|Any CPU
		Release|Any CPU = Release|Any CPU
	EndGlobalSection
	GlobalSection(ProjectConfigurationPlatforms) = postSolution
		{D860F9CD-7F86-4005-A705-FA3AAF3D6A6C}.Debug|Any CPU.ActiveCfg = Debug|Any CPU
		{D860F9CD-7F86-4005-A705-FA3AAF3D6A6C}.Debug|Any CPU.Build.0 = Debug|Any CPU
		{D860F9CD-7F86-4005-A705-FA3AAF3D6A6C}.Release|Any CPU.ActiveCfg = Release|Any CPU
		{D860F9CD-7F86-4005-A705-FA3AAF3D6A6C}.Release|Any CPU.Build.0 = Release|Any CPU
	EndGlobalSection
	GlobalSection(SolutionProperties) = preSolution
		HideSolutionNode = FALSE
	EndGlobalSection
	GlobalSection(ExtensibilityGlobals) = postSolution
		SolutionGuid = {744D35B2-F4F2-475C-A153-B48E45F8E5E6}
	EndGlobalSection
EndGlobal
